github.com/hillu/go-yara v1.3.0 h1:d9HklhWmCY9M/2dnFxYbNXDOFDid3HPGw53hdVk4Urg=
github.com/hillu/go-yara v1.3.0/go.mod h1:KLxCsvD3F8cgVK866UDHi961qbzP+twKjhNdDsuz/2M=
github.com/hillu/go-yara/v4 v4.1.0 h1:ZLT9ar+g5r1IgEp1QVYpdqYCgKMNm7DuZYUJpHZ3yUI=
github.com/hillu/go-yara/v4 v4.1.0/go.mod h1:rkb/gSAoO8qcmj+pv6fDZN4tOa3N7R+qqGlEkzT4iys=
